
Microsoft Visual Studio Solution File, Format Version 12.00
# Visual Studio Version 17
VisualStudioVersion = 17.4.33205.214
MinimumVisualStudioVersion = 10.0.40219.1
Project("{9A19103F-16F7-4668-BE54-9A1E7A4F7556}") = "Hometask013123", "Hometask013123\Hometask013123.csproj", "{CA189372-5127-49A2-B0A6-6AA4F1B3797A}"
EndProject
Project("{FAE04EC0-301F-11D3-BF4B-00C04F79EFBC}") = "Program project", "Program project\Program project.csproj", "{62737366-61C9-4761-9510-FA91D278C105}"
EndProject
Global
	GlobalSection(SolutionConfigurationPlatforms) = preSolution
		Debug|Any CPU = Debug|Any CPU
		Release|Any CPU = Release|Any CPU
	EndGlobalSection
	GlobalSection(ProjectConfigurationPlatforms) = postSolution
		{CA189372-5127-49A2-B0A6-6AA4F1B3797A}.Debug|Any CPU.ActiveCfg = Debug|Any CPU
		{CA189372-5127-49A2-B0A6-6AA4F1B3797A}.Debug|Any CPU.Build.0 = Debug|Any CPU
		{CA189372-5127-49A2-B0A6-6AA4F1B3797A}.Release|Any CPU.ActiveCfg = Release|Any CPU
		{CA189372-5127-49A2-B0A6-6AA4F1B3797A}.Release|Any CPU.Build.0 = Release|Any CPU
		{62737366-61C9-4761-9510-FA91D278C105}.Debug|Any CPU.ActiveCfg = Debug|Any CPU
		{62737366-61C9-4761-9510-FA91D278C105}.Debug|Any CPU.Build.0 = Debug|Any CPU
		{62737366-61C9-4761-9510-FA91D278C105}.Release|Any CPU.ActiveCfg = Release|Any CPU
		{62737366-61C9-4761-9510-FA91D278C105}.Release|Any CPU.Build.0 = Release|Any CPU
	EndGlobalSection
	GlobalSection(SolutionProperties) = preSolution
		HideSolutionNode = FALSE
	EndGlobalSection
	GlobalSection(ExtensibilityGlobals) = postSolution
		SolutionGuid = {38755CB0-A684-40D5-8059-42E58B9087B8}
	EndGlobalSection
EndGlobal
